
Microsoft Visual Studio Solution File, Format Version 12.00
# Visual Studio Version 16
VisualStudioVersion = 16.0.31005.135
MinimumVisualStudioVersion = 10.0.40219.1
Project("{9A19103F-16F7-4668-BE54-9A1E7A4F7556}") = "ModularMonolith", "ModularMonolith\ModularMonolith.csproj", "{7C414900-0BA9-446F-99B2-D94E076CF709}"
EndProject
Project("{2150E333-8FDC-42A3-9474-1A3956D46DE8}") = "Modules", "Modules", "{067D6708-33A0-4B33-B453-D6C0BD117EDB}"
EndProject
Project("{2150E333-8FDC-42A3-9474-1A3956D46DE8}") = "Product", "Product", "{DAC28A84-411C-4D7D-B42D-5E0E8F296EE3}"
EndProject
Project("{2150E333-8FDC-42A3-9474-1A3956D46DE8}") = "History", "History", "{D8618460-396F-4C2A-A1A6-C63A7C5CB8FF}"
EndProject
Project("{9A19103F-16F7-4668-BE54-9A1E7A4F7556}") = "ModularMonolith.Contracts", "ModularMonolith.Contracts\ModularMonolith.Contracts.csproj", "{72EE1401-CD71-4A58-96E0-4DBAB808D40F}"
EndProject
Project("{9A19103F-16F7-4668-BE54-9A1E7A4F7556}") = "ModularMonolith.Product.Application", "Modules\Product\ModularMonolith.Product.Application\ModularMonolith.Product.Application.csproj", "{A0E5B6AB-6940-408C-9051-BA450D2B4B58}"
EndProject
Project("{9A19103F-16F7-4668-BE54-9A1E7A4F7556}") = "ModularMonolith.Product.Domain", "Modules\Product\ModularMonolith.Product.Domain\ModularMonolith.Product.Domain.csproj", "{7DD71BC9-02CD-4ECC-AD7C-5D3482F346FD}"
EndProject
Project("{9A19103F-16F7-4668-BE54-9A1E7A4F7556}") = "ModularMonolith.Product.Infrastructure", "Modules\Product\ModularMonolith.Product.Infrastructure\ModularMonolith.Product.Infrastructure.csproj", "{5ED32E99-99DF-422E-BE53-B7736F4A492D}"
EndProject
Project("{9A19103F-16F7-4668-BE54-9A1E7A4F7556}") = "ModularMonolith.History.Application", "Modules\History\ModularMonolith.History.Application\ModularMonolith.History.Application.csproj", "{4D076BF4-BA82-4742-A5EE-28DF7BBFB127}"
EndProject
Project("{9A19103F-16F7-4668-BE54-9A1E7A4F7556}") = "ModularMonolith.History.Domain", "Modules\History\ModularMonolith.History.Domain\ModularMonolith.History.Domain.csproj", "{40600235-FCC2-4268-8C62-27EF95F820C3}"
EndProject
Project("{9A19103F-16F7-4668-BE54-9A1E7A4F7556}") = "ModularMonolith.History.Infrastructure", "Modules\History\ModularMonolith.History.Infrastructure\ModularMonolith.History.Infrastructure.csproj", "{F1795254-3740-4F91-A8E0-D255435FC1F9}"
EndProject
Project("{2150E333-8FDC-42A3-9474-1A3956D46DE8}") = "OutBox", "OutBox", "{A2BC0D3C-A79B-4D15-925B-F3CBB67D756B}"
EndProject
Project("{9A19103F-16F7-4668-BE54-9A1E7A4F7556}") = "ModularMonolith.Outbox", "Modules\OutBox\ModularMonolith.Outbox\ModularMonolith.Outbox.csproj", "{56CA0105-DC14-4F27-AF07-A1B0EA4CB04B}"
EndProject
Project("{9A19103F-16F7-4668-BE54-9A1E7A4F7556}") = "ModularMonolith.Outbox.WorkerProcess", "Modules\OutBox\ModularMonolith.Outbox.WorkerProcess\ModularMonolith.Outbox.WorkerProcess.csproj", "{0E555697-9166-42EA-93D8-63DCD6A824A6}"
EndProject
Project("{9A19103F-16F7-4668-BE54-9A1E7A4F7556}") = "ModularMonolith.Infrastructure", "ModularMonolith.Infrastructure\ModularMonolith.Infrastructure.csproj", "{FA87441A-328E-4B1E-99F2-6B4CDA1FCF35}"
EndProject
Project("{9A19103F-16F7-4668-BE54-9A1E7A4F7556}") = "ModularMonolith.Exceptions.Abstraction", "ModularMonolith.Exceptions.Abstraction\ModularMonolith.Exceptions.Abstraction.csproj", "{89A320E0-A1C0-4081-864E-BC121290363C}"
EndProject
Project("{2150E333-8FDC-42A3-9474-1A3956D46DE8}") = "User", "User", "{CA6EE366-C910-40EA-95FC-C043CED28594}"
EndProject
Project("{FAE04EC0-301F-11D3-BF4B-00C04F79EFBC}") = "ModularMonolith.User.Domain", "ModularMonolith.User.Domain\ModularMonolith.User.Domain.csproj", "{950DE4A0-E17A-4F54-AB18-B76812477D1B}"
EndProject
Project("{FAE04EC0-301F-11D3-BF4B-00C04F79EFBC}") = "ModularMonolith.User.Infrastructure", "ModularMonolith.User.Infrastructure\ModularMonolith.User.Infrastructure.csproj", "{1126BF89-7A75-4DBB-8961-7415CBFA46CC}"
EndProject
Project("{FAE04EC0-301F-11D3-BF4B-00C04F79EFBC}") = "ModularMonolith.User.Application", "ModularMonolith.User.Application\ModularMonolith.User.Application.csproj", "{9800D849-ECCB-4299-80DD-A2EDEFC2EB26}"
EndProject
Global
	GlobalSection(SolutionConfigurationPlatforms) = preSolution
		Debug|Any CPU = Debug|Any CPU
		Release|Any CPU = Release|Any CPU
	EndGlobalSection
	GlobalSection(ProjectConfigurationPlatforms) = postSolution
		{7C414900-0BA9-446F-99B2-D94E076CF709}.Debug|Any CPU.ActiveCfg = Debug|Any CPU
		{7C414900-0BA9-446F-99B2-D94E076CF709}.Debug|Any CPU.Build.0 = Debug|Any CPU
		{7C414900-0BA9-446F-99B2-D94E076CF709}.Release|Any CPU.ActiveCfg = Release|Any CPU
		{7C414900-0BA9-446F-99B2-D94E076CF709}.Release|Any CPU.Build.0 = Release|Any CPU
		{72EE1401-CD71-4A58-96E0-4DBAB808D40F}.Debug|Any CPU.ActiveCfg = Debug|Any CPU
		{72EE1401-CD71-4A58-96E0-4DBAB808D40F}.Debug|Any CPU.Build.0 = Debug|Any CPU
		{72EE1401-CD71-4A58-96E0-4DBAB808D40F}.Release|Any CPU.ActiveCfg = Release|Any CPU
		{72EE1401-CD71-4A58-96E0-4DBAB808D40F}.Release|Any CPU.Build.0 = Release|Any CPU
		{A0E5B6AB-6940-408C-9051-BA450D2B4B58}.Debug|Any CPU.ActiveCfg = Debug|Any CPU
		{A0E5B6AB-6940-408C-9051-BA450D2B4B58}.Debug|Any CPU.Build.0 = Debug|Any CPU
		{A0E5B6AB-6940-408C-9051-BA450D2B4B58}.Release|Any CPU.ActiveCfg = Release|Any CPU
		{A0E5B6AB-6940-408C-9051-BA450D2B4B58}.Release|Any CPU.Build.0 = Release|Any CPU
		{7DD71BC9-02CD-4ECC-AD7C-5D3482F346FD}.Debug|Any CPU.ActiveCfg = Debug|Any CPU
		{7DD71BC9-02CD-4ECC-AD7C-5D3482F346FD}.Debug|Any CPU.Build.0 = Debug|Any CPU
		{7DD71BC9-02CD-4ECC-AD7C-5D3482F346FD}.Release|Any CPU.ActiveCfg = Release|Any CPU
		{7DD71BC9-02CD-4ECC-AD7C-5D3482F346FD}.Release|Any CPU.Build.0 = Release|Any CPU
		{5ED32E99-99DF-422E-BE53-B7736F4A492D}.Debug|Any CPU.ActiveCfg = Debug|Any CPU
		{5ED32E99-99DF-422E-BE53-B7736F4A492D}.Debug|Any CPU.Build.0 = Debug|Any CPU
		{5ED32E99-99DF-422E-BE53-B7736F4A492D}.Release|Any CPU.ActiveCfg = Release|Any CPU
		{5ED32E99-99DF-422E-BE53-B7736F4A492D}.Release|Any CPU.Build.0 = Release|Any CPU
		{4D076BF4-BA82-4742-A5EE-28DF7BBFB127}.Debug|Any CPU.ActiveCfg = Debug|Any CPU
		{4D076BF4-BA82-4742-A5EE-28DF7BBFB127}.Debug|Any CPU.Build.0 = Debug|Any CPU
		{4D076BF4-BA82-4742-A5EE-28DF7BBFB127}.Release|Any CPU.ActiveCfg = Release|Any CPU
		{4D076BF4-BA82-4742-A5EE-28DF7BBFB127}.Release|Any CPU.Build.0 = Release|Any CPU
		{40600235-FCC2-4268-8C62-27EF95F820C3}.Debug|Any CPU.ActiveCfg = Debug|Any CPU
		{40600235-FCC2-4268-8C62-27EF95F820C3}.Debug|Any CPU.Build.0 = Debug|Any CPU
		{40600235-FCC2-4268-8C62-27EF95F820C3}.Release|Any CPU.ActiveCfg = Release|Any CPU
		{40600235-FCC2-4268-8C62-27EF95F820C3}.Release|Any CPU.Build.0 = Release|Any CPU
		{F1795254-3740-4F91-A8E0-D255435FC1F9}.Debug|Any CPU.ActiveCfg = Debug|Any CPU
		{F1795254-3740-4F91-A8E0-D255435FC1F9}.Debug|Any CPU.Build.0 = Debug|Any CPU
		{F1795254-3740-4F91-A8E0-D255435FC1F9}.Release|Any CPU.ActiveCfg = Release|Any CPU
		{F1795254-3740-4F91-A8E0-D255435FC1F9}.Release|Any CPU.Build.0 = Release|Any CPU
		{56CA0105-DC14-4F27-AF07-A1B0EA4CB04B}.Debug|Any CPU.ActiveCfg = Debug|Any CPU
		{56CA0105-DC14-4F27-AF07-A1B0EA4CB04B}.Debug|Any CPU.Build.0 = Debug|Any CPU
		{56CA0105-DC14-4F27-AF07-A1B0EA4CB04B}.Release|Any CPU.ActiveCfg = Release|Any CPU
		{56CA0105-DC14-4F27-AF07-A1B0EA4CB04B}.Release|Any CPU.Build.0 = Release|Any CPU
		{0E555697-9166-42EA-93D8-63DCD6A824A6}.Debug|Any CPU.ActiveCfg = Debug|Any CPU
		{0E555697-9166-42EA-93D8-63DCD6A824A6}.Debug|Any CPU.Build.0 = Debug|Any CPU
		{0E555697-9166-42EA-93D8-63DCD6A824A6}.Release|Any CPU.ActiveCfg = Release|Any CPU
		{0E555697-9166-42EA-93D8-63DCD6A824A6}.Release|Any CPU.Build.0 = Release|Any CPU
		{FA87441A-328E-4B1E-99F2-6B4CDA1FCF35}.Debug|Any CPU.ActiveCfg = Debug|Any CPU
		{FA87441A-328E-4B1E-99F2-6B4CDA1FCF35}.Debug|Any CPU.Build.0 = Debug|Any CPU
		{FA87441A-328E-4B1E-99F2-6B4CDA1FCF35}.Release|Any CPU.ActiveCfg = Release|Any CPU
		{FA87441A-328E-4B1E-99F2-6B4CDA1FCF35}.Release|Any CPU.Build.0 = Release|Any CPU
		{89A320E0-A1C0-4081-864E-BC121290363C}.Debug|Any CPU.ActiveCfg = Debug|Any CPU
		{89A320E0-A1C0-4081-864E-BC121290363C}.Debug|Any CPU.Build.0 = Debug|Any CPU
		{89A320E0-A1C0-4081-864E-BC121290363C}.Release|Any CPU.ActiveCfg = Release|Any CPU
		{89A320E0-A1C0-4081-864E-BC121290363C}.Release|Any CPU.Build.0 = Release|Any CPU
		{950DE4A0-E17A-4F54-AB18-B76812477D1B}.Debug|Any CPU.ActiveCfg = Debug|Any CPU
		{950DE4A0-E17A-4F54-AB18-B76812477D1B}.Debug|Any CPU.Build.0 = Debug|Any CPU
		{950DE4A0-E17A-4F54-AB18-B76812477D1B}.Release|Any CPU.ActiveCfg = Release|Any CPU
		{950DE4A0-E17A-4F54-AB18-B76812477D1B}.Release|Any CPU.Build.0 = Release|Any CPU
		{1126BF89-7A75-4DBB-8961-7415CBFA46CC}.Debug|Any CPU.ActiveCfg = Debug|Any CPU
		{1126BF89-7A75-4DBB-8961-7415CBFA46CC}.Debug|Any CPU.Build.0 = Debug|Any CPU
		{1126BF89-7A75-4DBB-8961-7415CBFA46CC}.Release|Any CPU.ActiveCfg = Release|Any CPU
		{1126BF89-7A75-4DBB-8961-7415CBFA46CC}.Release|Any CPU.Build.0 = Release|Any CPU
		{9800D849-ECCB-4299-80DD-A2EDEFC2EB26}.Debug|Any CPU.ActiveCfg = Debug|Any CPU
		{9800D849-ECCB-4299-80DD-A2EDEFC2EB26}.Debug|Any CPU.Build.0 = Debug|Any CPU
		{9800D849-ECCB-4299-80DD-A2EDEFC2EB26}.Release|Any CPU.ActiveCfg = Release|Any CPU
		{9800D849-ECCB-4299-80DD-A2EDEFC2EB26}.Release|Any CPU.Build.0 = Release|Any CPU
	EndGlobalSection
	GlobalSection(SolutionProperties) = preSolution
		HideSolutionNode = FALSE
	EndGlobalSection
	GlobalSection(NestedProjects) = preSolution
		{DAC28A84-411C-4D7D-B42D-5E0E8F296EE3} = {067D6708-33A0-4B33-B453-D6C0BD117EDB}
		{D8618460-396F-4C2A-A1A6-C63A7C5CB8FF} = {067D6708-33A0-4B33-B453-D6C0BD117EDB}
		{A0E5B6AB-6940-408C-9051-BA450D2B4B58} = {DAC28A84-411C-4D7D-B42D-5E0E8F296EE3}
		{7DD71BC9-02CD-4ECC-AD7C-5D3482F346FD} = {DAC28A84-411C-4D7D-B42D-5E0E8F296EE3}
		{5ED32E99-99DF-422E-BE53-B7736F4A492D} = {DAC28A84-411C-4D7D-B42D-5E0E8F296EE3}
		{4D076BF4-BA82-4742-A5EE-28DF7BBFB127} = {D8618460-396F-4C2A-A1A6-C63A7C5CB8FF}
		{40600235-FCC2-4268-8C62-27EF95F820C3} = {D8618460-396F-4C2A-A1A6-C63A7C5CB8FF}
		{F1795254-3740-4F91-A8E0-D255435FC1F9} = {D8618460-396F-4C2A-A1A6-C63A7C5CB8FF}
		{A2BC0D3C-A79B-4D15-925B-F3CBB67D756B} = {067D6708-33A0-4B33-B453-D6C0BD117EDB}
		{56CA0105-DC14-4F27-AF07-A1B0EA4CB04B} = {A2BC0D3C-A79B-4D15-925B-F3CBB67D756B}
		{0E555697-9166-42EA-93D8-63DCD6A824A6} = {A2BC0D3C-A79B-4D15-925B-F3CBB67D756B}
		{CA6EE366-C910-40EA-95FC-C043CED28594} = {067D6708-33A0-4B33-B453-D6C0BD117EDB}
		{950DE4A0-E17A-4F54-AB18-B76812477D1B} = {CA6EE366-C910-40EA-95FC-C043CED28594}
		{1126BF89-7A75-4DBB-8961-7415CBFA46CC} = {CA6EE366-C910-40EA-95FC-C043CED28594}
		{9800D849-ECCB-4299-80DD-A2EDEFC2EB26} = {CA6EE366-C910-40EA-95FC-C043CED28594}
	EndGlobalSection
	GlobalSection(ExtensibilityGlobals) = postSolution
		SolutionGuid = {47C26823-5420-4BFB-AEC7-6F282D8CD15D}
	EndGlobalSection
EndGlobal
